
Microsoft Visual Studio Solution File, Format Version 12.00
# Visual Studio Version 17
VisualStudioVersion = 17.3.32922.545
MinimumVisualStudioVersion = 10.0.40219.1
Project("{9A19103F-16F7-4668-BE54-9A1E7A4F7556}") = "Price-Levels-Using-KMeans", "Price-Levels-Using-KMeans\Price-Levels-Using-KMeans.csproj", "{317145BA-13CA-469F-963E-984CDEA223FE}"
EndProject
Project("{FAE04EC0-301F-11D3-BF4B-00C04F79EFBC}") = "LevelsFinder", "LevelsFinder\LevelsFinder.csproj", "{BD7ADE3B-E6F3-46F3-9A58-55821E1CD042}"
EndProject
Global
	GlobalSection(SolutionConfigurationPlatforms) = preSolution
		Debug|Any CPU = Debug|Any CPU
		Release|Any CPU = Release|Any CPU
	EndGlobalSection
	GlobalSection(ProjectConfigurationPlatforms) = postSolution
		{317145BA-13CA-469F-963E-984CDEA223FE}.Debug|Any CPU.ActiveCfg = Debug|Any CPU
		{317145BA-13CA-469F-963E-984CDEA223FE}.Debug|Any CPU.Build.0 = Debug|Any CPU
		{317145BA-13CA-469F-963E-984CDEA223FE}.Release|Any CPU.ActiveCfg = Release|Any CPU
		{317145BA-13CA-469F-963E-984CDEA223FE}.Release|Any CPU.Build.0 = Release|Any CPU
		{BD7ADE3B-E6F3-46F3-9A58-55821E1CD042}.Debug|Any CPU.ActiveCfg = Debug|Any CPU
		{BD7ADE3B-E6F3-46F3-9A58-55821E1CD042}.Debug|Any CPU.Build.0 = Debug|Any CPU
		{BD7ADE3B-E6F3-46F3-9A58-55821E1CD042}.Release|Any CPU.ActiveCfg = Release|Any CPU
		{BD7ADE3B-E6F3-46F3-9A58-55821E1CD042}.Release|Any CPU.Build.0 = Release|Any CPU
	EndGlobalSection
	GlobalSection(SolutionProperties) = preSolution
		HideSolutionNode = FALSE
	EndGlobalSection
	GlobalSection(ExtensibilityGlobals) = postSolution
		SolutionGuid = {45FC45CE-C3EA-4CDD-AD5B-E96B12D9841F}
	EndGlobalSection
EndGlobal
